
Microsoft Visual Studio Solution File, Format Version 12.00
# Visual Studio Version 17
VisualStudioVersion = 17.3.32901.215
MinimumVisualStudioVersion = 10.0.40219.1
Project("{FAE04EC0-301F-11D3-BF4B-00C04F79EFBC}") = "calculator_VP_Assignment_1_190878", "calculator_VP_Assignment_1_190878\calculator_VP_Assignment_1_190878.csproj", "{A698187A-4EE0-4279-A90B-76203795106F}"
EndProject
Global
	GlobalSection(SolutionConfigurationPlatforms) = preSolution
		Debug|Any CPU = Debug|Any CPU
		Release|Any CPU = Release|Any CPU
	EndGlobalSection
	GlobalSection(ProjectConfigurationPlatforms) = postSolution
		{A698187A-4EE0-4279-A90B-76203795106F}.Debug|Any CPU.ActiveCfg = Debug|Any CPU
		{A698187A-4EE0-4279-A90B-76203795106F}.Debug|Any CPU.Build.0 = Debug|Any CPU
		{A698187A-4EE0-4279-A90B-76203795106F}.Release|Any CPU.ActiveCfg = Release|Any CPU
		{A698187A-4EE0-4279-A90B-76203795106F}.Release|Any CPU.Build.0 = Release|Any CPU
	EndGlobalSection
	GlobalSection(SolutionProperties) = preSolution
		HideSolutionNode = FALSE
	EndGlobalSection
	GlobalSection(ExtensibilityGlobals) = postSolution
		SolutionGuid = {4EE3A9D2-E714-4928-805E-37A635FD4797}
	EndGlobalSection
EndGlobal
